# THIS IS AN AUTOGENERATED FILE. DO NOT EDIT THIS FILE DIRECTLY.
# yarn lockfile v1


"@prisma/client@^5.10.2":
  version "5.10.2"
  resolved "https://registry.yarnpkg.com/@prisma/client/-/client-5.10.2.tgz#e087b40a4de8e3171eb9cbf0a873465cd2068e17"
  integrity sha512-ef49hzB2yJZCvM5gFHMxSFL9KYrIP9udpT5rYo0CsHD4P9IKj473MbhU1gjKKftiwWBTIyrt9jukprzZXazyag==
